
Microsoft Visual Studio Solution File, Format Version 12.00
# Visual Studio Version 16
VisualStudioVersion = 16.0.30225.117
MinimumVisualStudioVersion = 10.0.40219.1
Project("{FAE04EC0-301F-11D3-BF4B-00C04F79EFBC}") = "Kakeibo", "Kakeibo\Kakeibo.csproj", "{95A0AC0E-68FF-47AE-BFB8-55E969F80587}"
EndProject
Global
	GlobalSection(SolutionConfigurationPlatforms) = preSolution
		Debug|Any CPU = Debug|Any CPU
		Release|Any CPU = Release|Any CPU
	EndGlobalSection
	GlobalSection(ProjectConfigurationPlatforms) = postSolution
		{95A0AC0E-68FF-47AE-BFB8-55E969F80587}.Debug|Any CPU.ActiveCfg = Debug|Any CPU
		{95A0AC0E-68FF-47AE-BFB8-55E969F80587}.Debug|Any CPU.Build.0 = Debug|Any CPU
		{95A0AC0E-68FF-47AE-BFB8-55E969F80587}.Release|Any CPU.ActiveCfg = Release|Any CPU
		{95A0AC0E-68FF-47AE-BFB8-55E969F80587}.Release|Any CPU.Build.0 = Release|Any CPU
	EndGlobalSection
	GlobalSection(SolutionProperties) = preSolution
		HideSolutionNode = FALSE
	EndGlobalSection
	GlobalSection(ExtensibilityGlobals) = postSolution
		SolutionGuid = {6F29A977-03D9-453E-BD4B-212D6C1F92DB}
	EndGlobalSection
EndGlobal
